
Microsoft Visual Studio Solution File, Format Version 12.00
# Visual Studio Version 17
VisualStudioVersion = 17.3.32825.248
MinimumVisualStudioVersion = 10.0.40219.1
Project("{FAE04EC0-301F-11D3-BF4B-00C04F79EFBC}") = "Aula3", "Aula3\Aula3.csproj", "{6BCF697A-4B04-4ECA-83D0-04D38FFAFABB}"
EndProject
Global
	GlobalSection(SolutionConfigurationPlatforms) = preSolution
		Debug|Any CPU = Debug|Any CPU
		Release|Any CPU = Release|Any CPU
	EndGlobalSection
	GlobalSection(ProjectConfigurationPlatforms) = postSolution
		{6BCF697A-4B04-4ECA-83D0-04D38FFAFABB}.Debug|Any CPU.ActiveCfg = Debug|Any CPU
		{6BCF697A-4B04-4ECA-83D0-04D38FFAFABB}.Debug|Any CPU.Build.0 = Debug|Any CPU
		{6BCF697A-4B04-4ECA-83D0-04D38FFAFABB}.Release|Any CPU.ActiveCfg = Release|Any CPU
		{6BCF697A-4B04-4ECA-83D0-04D38FFAFABB}.Release|Any CPU.Build.0 = Release|Any CPU
	EndGlobalSection
	GlobalSection(SolutionProperties) = preSolution
		HideSolutionNode = FALSE
	EndGlobalSection
	GlobalSection(ExtensibilityGlobals) = postSolution
		SolutionGuid = {C79D0E11-D7F5-4C7C-B485-1AFE3CE4484B}
	EndGlobalSection
EndGlobal
